# THIS IS AN AUTOGENERATED FILE. DO NOT EDIT THIS FILE DIRECTLY.
# yarn lockfile v1


"@babel/runtime@^7.13.10":
  version "7.16.7"
  resolved "https://registry.npmjs.org/@babel/runtime/-/runtime-7.16.7.tgz"
  integrity sha512-9E9FJowqAsytyOY6LG+1KuueckRL+aQW+mKvXRXnuFGyRAyepJPmEo9vgMfXUA6O9u3IeEdv9MAkppFcaQwogQ==
  dependencies:
    regenerator-runtime "^0.13.4"

"@emotion/cache@^11.7.1":
  version "11.7.1"
  resolved "https://registry.npmjs.org/@emotion/cache/-/cache-11.7.1.tgz"
  integrity sha512-r65Zy4Iljb8oyjtLeCuBH8Qjiy107dOYC6SJq7g7GV5UCQWMObY4SJDPGFjiiVpPrOJ2hmJOoBiYTC7hwx9E2A==
  dependencies:
    "@emotion/memoize" "^0.7.4"
    "@emotion/sheet" "^1.1.0"
    "@emotion/utils" "^1.0.0"
    "@emotion/weak-memoize" "^0.2.5"
    stylis "4.0.13"

"@emotion/hash@^0.8.0":
  version "0.8.0"
  resolved "https://registry.npmjs.org/@emotion/hash/-/hash-0.8.0.tgz"
  integrity sha512-kBJtf7PH6aWwZ6fka3zQ0p6SBYzx4fl1LoZXE2RrnYST9Xljm7WfKJrU4g/Xr3Beg72MLrp1AWNUmuYJTL7Cow==

"@emotion/is-prop-valid@^0.8.2":
  version "0.8.8"
  resolved "https://registry.npmjs.org/@emotion/is-prop-valid/-/is-prop-valid-0.8.8.tgz"
  integrity sha512-u5WtneEAr5IDG2Wv65yhunPSMLIpuKsbuOktRojfrEiEvRyC85LgPMZI63cr7NUqT8ZIGdSVg8ZKGxIug4lXcA==
  dependencies:
    "@emotion/memoize" "0.7.4"

"@emotion/memoize@0.7.4":
  version "0.7.4"
  resolved "https://registry.npmjs.org/@emotion/memoize/-/memoize-0.7.4.tgz"
  integrity sha512-Ja/Vfqe3HpuzRsG1oBtWTHk2PGZ7GR+2Vz5iYGelAw8dx32K0y7PjVuxK6z1nMpZOqAFsRUPCkK1YjJ56qJlgw==

"@emotion/memoize@^0.7.4":
  version "0.7.5"
  resolved "https://registry.npmjs.org/@emotion/memoize/-/memoize-0.7.5.tgz"
  integrity sha512-igX9a37DR2ZPGYtV6suZ6whr8pTFtyHL3K/oLUotxpSVO2ASaprmAe2Dkq7tBo7CRY7MMDrAa9nuQP9/YG8FxQ==

"@emotion/react@^11.7.1":
  version "11.7.1"
  resolved "https://registry.npmjs.org/@emotion/react/-/react-11.7.1.tgz"
  integrity sha512-DV2Xe3yhkF1yT4uAUoJcYL1AmrnO5SVsdfvu+fBuS7IbByDeTVx9+wFmvx9Idzv7/78+9Mgx2Hcmr7Fex3tIyw==
  dependencies:
    "@babel/runtime" "^7.13.10"
    "@emotion/cache" "^11.7.1"
    "@emotion/serialize" "^1.0.2"
    "@emotion/sheet" "^1.1.0"
    "@emotion/utils" "^1.0.0"
    "@emotion/weak-memoize" "^0.2.5"
    hoist-non-react-statics "^3.3.1"

"@emotion/serialize@^1.0.2":
  version "1.0.2"
  resolved "https://registry.npmjs.org/@emotion/serialize/-/serialize-1.0.2.tgz"
  integrity sha512-95MgNJ9+/ajxU7QIAruiOAdYNjxZX7G2mhgrtDWswA21VviYIRP1R5QilZ/bDY42xiKsaktP4egJb3QdYQZi1A==
  dependencies:
    "@emotion/hash" "^0.8.0"
    "@emotion/memoize" "^0.7.4"
    "@emotion/unitless" "^0.7.5"
    "@emotion/utils" "^1.0.0"
    csstype "^3.0.2"

"@emotion/sheet@^1.1.0":
  version "1.1.0"
  resolved "https://registry.npmjs.org/@emotion/sheet/-/sheet-1.1.0.tgz"
  integrity sha512-u0AX4aSo25sMAygCuQTzS+HsImZFuS8llY8O7b9MDRzbJM0kVJlAz6KNDqcG7pOuQZJmj/8X/rAW+66kMnMW+g==

"@emotion/unitless@^0.7.5":
  version "0.7.5"
  resolved "https://registry.npmjs.org/@emotion/unitless/-/unitless-0.7.5.tgz"
  integrity sha512-OWORNpfjMsSSUBVrRBVGECkhWcULOAJz9ZW8uK9qgxD+87M7jHRcvh/A96XXNhXTLmKcoYSQtBEX7lHMO7YRwg==

"@emotion/utils@^1.0.0":
  version "1.0.0"
  resolved "https://registry.npmjs.org/@emotion/utils/-/utils-1.0.0.tgz"
  integrity sha512-mQC2b3XLDs6QCW+pDQDiyO/EdGZYOygE8s5N5rrzjSI4M3IejPE/JPndCBwRT9z982aqQNi6beWs1UeayrQxxA==

"@emotion/weak-memoize@^0.2.5":
  version "0.2.5"
  resolved "https://registry.npmjs.org/@emotion/weak-memoize/-/weak-memoize-0.2.5.tgz"
  integrity sha512-6U71C2Wp7r5XtFtQzYrW5iKFT67OixrSxjI4MptCHzdSVlgabczzqLe0ZSgnub/5Kp4hSbpDB1tMytZY9pwxxA==

"@next/env@12.0.10":
  version "12.0.10"
  resolved "https://registry.npmjs.org/@next/env/-/env-12.0.10.tgz"
  integrity sha512-mQVj0K6wQ5WEk/sL9SZ+mJXJUaG7el8CpZ6io1uFe9GgNTSC7EgUyNGqM6IQovIFc5ukF4O/hqsdh3S/DCgT2g==

"@next/swc-android-arm64@12.0.10":
  version "12.0.10"
  resolved "https://registry.yarnpkg.com/@next/swc-android-arm64/-/swc-android-arm64-12.0.10.tgz#fd9d716433cc9d361021b0052f8b002bcaff948d"
  integrity sha512-xYwXGkNhzZZsM5MD7KRwF5ZNiC8OLPtVMUiagpPnwENg8Hb0GSQo/NbYWXM8YrawEwp9LaZ7OXiuRKPh2JyBdA==

"@next/swc-darwin-arm64@12.0.10":
  version "12.0.10"
  resolved "https://registry.yarnpkg.com/@next/swc-darwin-arm64/-/swc-darwin-arm64-12.0.10.tgz#34b2d0dc62eb89efb9176af111e3820a11fdb3f0"
  integrity sha512-f2zngulkpIJKWHckhRi7X8GZ+J/tNgFF7lYIh7Qx15JH0OTBsjkqxORlkzy+VZyHJ5sWTCaI6HYYd3ow6qkEEg==

"@next/swc-darwin-x64@12.0.10":
  version "12.0.10"
  resolved "https://registry.npmjs.org/@next/swc-darwin-x64/-/swc-darwin-x64-12.0.10.tgz"
  integrity sha512-Qykcu/gVC5oTvOQoRBhyuS5GYm5SbcgrFTsaLFkGBmEkg9eMQRiaCswk4IafpDXVzITkVFurzSM28q3tLW2qUw==

"@next/swc-linux-arm-gnueabihf@12.0.10":
  version "12.0.10"
  resolved "https://registry.yarnpkg.com/@next/swc-linux-arm-gnueabihf/-/swc-linux-arm-gnueabihf-12.0.10.tgz#1ad15af3d5fca2fef57894d61e16f73aee61ec2e"
  integrity sha512-EhqrTFsIXAXN9B/fiiW/QKUK/lSLCXRsLalkUp58KDfMqVLLlj1ORbESAcswiNQOChLuHQSldGEEtOBPQZcd9A==

"@next/swc-linux-arm64-gnu@12.0.10":
  version "12.0.10"
  resolved "https://registry.yarnpkg.com/@next/swc-linux-arm64-gnu/-/swc-linux-arm64-gnu-12.0.10.tgz#a84a92d0e1a179c4346c9ed8f22e26f708101ad6"
  integrity sha512-kqGtC72g3+JYXZbY2ca6digXR5U6AQ6Dzv4eAxYluMePLHjI/Xye1mf9dwVsgmeXfrD/IRDp5K/3A6UNvBm4oQ==

"@next/swc-linux-arm64-musl@12.0.10":
  version "12.0.10"
  resolved "https://registry.yarnpkg.com/@next/swc-linux-arm64-musl/-/swc-linux-arm64-musl-12.0.10.tgz#973ec96c77f845bd0a6eecbf1892caa1ee4defaf"
  integrity sha512-bG9zTSNwnSgc1Un/7oz1ZVN4UeXsTWrsQhAGWU78lLLCn4Zj9HQoUCRCGLt0OVs2DBZ+WC8CzzFliQ1SKipVbg==

"@next/swc-linux-x64-gnu@12.0.10":
  version "12.0.10"
  resolved "https://registry.yarnpkg.com/@next/swc-linux-x64-gnu/-/swc-linux-x64-gnu-12.0.10.tgz#efcc7f8252ea8225834760eaf09350f1bead73f7"
  integrity sha512-c79PcfWtyThiYRa1+3KVfDq0zXaI8o1d6dQWNVqDrtLz5HKM/rbjLdvoNuxDwUeZhxI/d9CtyH6GbuKPw5l/5A==

"@next/swc-linux-x64-musl@12.0.10":
  version "12.0.10"
  resolved "https://registry.yarnpkg.com/@next/swc-linux-x64-musl/-/swc-linux-x64-musl-12.0.10.tgz#c2a73d939dfd310acc1892a0a132762500dd5757"
  integrity sha512-g/scgn+21/MLfizOCZOZt+MxNj2/8Tdlwjvy+QZcSUPZRUI2Y5o3HwBvI1f/bSci+NGRU+bUAO0NFtRJ9MzH5w==

"@next/swc-win32-arm64-msvc@12.0.10":
  version "12.0.10"
  resolved "https://registry.yarnpkg.com/@next/swc-win32-arm64-msvc/-/swc-win32-arm64-msvc-12.0.10.tgz#2316af5f612cde1691abdf2571ff40ec32ea3429"
  integrity sha512-gl6B/ravwMeY5Nv4Il2/ARYJQ6u+KPRwGMjS1ZrNudIKlNn4YBeXh5A4cIVm+dHaff6/O/lGOa5/SUYDMZpkww==

"@next/swc-win32-ia32-msvc@12.0.10":
  version "12.0.10"
  resolved "https://registry.yarnpkg.com/@next/swc-win32-ia32-msvc/-/swc-win32-ia32-msvc-12.0.10.tgz#98a4f74d164871cfaccb0df6efddf2b7bcbaa54b"
  integrity sha512-7RVpZ3tSThC6j+iZB0CUYmFiA3kXmN+pE7QcfyAxFaflKlaZoWNMKHIEZDuxSJc6YmQ6kyxsjqxVay2F5+/YCg==

"@next/swc-win32-x64-msvc@12.0.10":
  version "12.0.10"
  resolved "https://registry.yarnpkg.com/@next/swc-win32-x64-msvc/-/swc-win32-x64-msvc-12.0.10.tgz#5c0ba98b695c4be44d8793aff42971a0dac65c2d"
  integrity sha512-oUIWRKd24jFLRWUYO1CZmML5+32BcpVfqhimGaaZIXcOkfQW+iqiAzdqsv688zaGtyKGeB9ZtiK3NDf+Q0v+Vw==

"@radix-ui/colors@^0.1.8":
  version "0.1.8"
  resolved "https://registry.npmjs.org/@radix-ui/colors/-/colors-0.1.8.tgz"
  integrity sha512-jwRMXYwC0hUo0mv6wGpuw254Pd9p/R6Td5xsRpOmaWkUHlooNWqVcadgyzlRumMq3xfOTXwJReU0Jv+EIy4Jbw==

"@radix-ui/number@0.1.0":
  version "0.1.0"
  resolved "https://registry.yarnpkg.com/@radix-ui/number/-/number-0.1.0.tgz#73ad13d5cc5f75fa5e147d72e5d5d5e50d688256"
  integrity sha512-rpf6QiOWLHAkM4FEMYu9i+5Jr8cKT893+R4mPpcdsy4LD7omr9JfdOqj/h/xPA5+EcVrpMMlU6rrRYpUB5UI8g==
  dependencies:
    "@babel/runtime" "^7.13.10"

"@radix-ui/popper@0.1.0":
  version "0.1.0"
  resolved "https://registry.yarnpkg.com/@radix-ui/popper/-/popper-0.1.0.tgz#c387a38f31b7799e1ea0d2bb1ca0c91c2931b063"
  integrity sha512-uzYeElL3w7SeNMuQpXiFlBhTT+JyaNMCwDfjKkrzugEcYrf5n52PHqncNdQPUtR42hJh8V9FsqyEDbDxkeNjJQ==
  dependencies:
    "@babel/runtime" "^7.13.10"
    csstype "^3.0.4"

"@radix-ui/primitive@0.1.0":
  version "0.1.0"
  resolved "https://registry.npmjs.org/@radix-ui/primitive/-/primitive-0.1.0.tgz"
  integrity sha512-tqxZKybwN5Fa3VzZry4G6mXAAb9aAqKmPtnVbZpL0vsBwvOHTBwsjHVPXylocYLwEtBY9SCe665bYnNB515uoA==
  dependencies:
    "@babel/runtime" "^7.13.10"

"@radix-ui/react-accordion@0.1.1":
  version "0.1.1"
  resolved "https://registry.yarnpkg.com/@radix-ui/react-accordion/-/react-accordion-0.1.1.tgz#bc57120d37f9e08ddcefae1d9ac08e4db3029bc7"
  integrity sha512-FGxV2QcCtQRBmcGle5TppSDcIzTgecLoXL7G5yM/YJVdcW+cw4LqPF2VnHcjIv2BGvvHi9087abp9jQxoJzUNA==
  dependencies:
    "@babel/runtime" "^7.13.10"
    "@radix-ui/primitive" "0.1.0"
    "@radix-ui/react-collapsible" "0.1.1"
    "@radix-ui/react-compose-refs" "0.1.0"
    "@radix-ui/react-context" "0.1.1"
    "@radix-ui/react-id" "0.1.1"
    "@radix-ui/react-primitive" "0.1.1"
    "@radix-ui/react-use-controllable-state" "0.1.0"

"@radix-ui/react-alert-dialog@0.1.1":
  version "0.1.1"
  resolved "https://registry.yarnpkg.com/@radix-ui/react-alert-dialog/-/react-alert-dialog-0.1.1.tgz#979dc343bc2766b0049e4940a49867a3c4b002f8"
  integrity sha512-2oiBy38KK/hZZFpAsjUibxjbKv+HXwsGQUcKKXZH5/D+9BPScKcF192r7aAbQer3NNMHuPEOGuGeYKWegUEzTA==
  dependencies:
    "@babel/runtime" "^7.13.10"
    "@radix-ui/primitive" "0.1.0"
    "@radix-ui/react-compose-refs" "0.1.0"
    "@radix-ui/react-context" "0.1.1"
    "@radix-ui/react-dialog" "0.1.1"
    "@radix-ui/react-slot" "0.1.1"

"@radix-ui/react-arrow@0.1.1":
  version "0.1.1"
  resolved "https://registry.yarnpkg.com/@radix-ui/react-arrow/-/react-arrow-0.1.1.tgz#e8e05444b37b9f71bf712a8cd4dd07dbd419e749"
  integrity sha512-layhfVIJE/mahiHUi9YZ/k2Of41TO20y1kEynUEq3j+KLUy/pi0mjb+jrPYRqmlznEl8/jye2jwilyGs2Uyx/g==
  dependencies:
    "@babel/runtime" "^7.13.10"
    "@radix-ui/react-primitive" "0.1.1"

"@radix-ui/react-aspect-ratio@0.1.1":
  version "0.1.1"
  resolved "https://registry.yarnpkg.com/@radix-ui/react-aspect-ratio/-/react-aspect-ratio-0.1.1.tgz#c198819da318b88682e093f13a5d2732dc7b0e05"
  integrity sha512-yi/BQqbx5/RO9IoZmny0tDNM645YukytyFRo6Wj06e8aU5GA9O1pHXEQObEkXIALqhoWr+5SCxvmwcSkr/rbHw==
  dependencies:
    "@babel/runtime" "^7.13.10"
    "@radix-ui/react-primitive" "0.1.1"

"@radix-ui/react-avatar@0.1.1":
  version "0.1.1"
  resolved "https://registry.yarnpkg.com/@radix-ui/react-avatar/-/react-avatar-0.1.1.tgz#a5e2c660f5e2564ad75fb30587bfdbba64137411"
  integrity sha512-yFWO2VZNmO6EkwwdKSIf5Wabd97iGFzKNrLI8aIHFYuZe+WBOnfF99SeU52wm2a18k/sdIiwTZlsxUCiSBadEw==
  dependencies:
    "@babel/runtime" "^7.13.10"
    "@radix-ui/react-context" "0.1.1"
    "@radix-ui/react-primitive" "0.1.1"
    "@radix-ui/react-use-callback-ref" "0.1.0"
    "@radix-ui/react-use-layout-effect" "0.1.0"

"@radix-ui/react-checkbox@0.1.1":
  version "0.1.1"
  resolved "https://registry.yarnpkg.com/@radix-ui/react-checkbox/-/react-checkbox-0.1.1.tgz#ce551b680545fcf44bbea5da6ddaccce8b7df19a"
  integrity sha512-QXd3+GL9bOQaekG7J4J94FbpyjIrRkrIZow9IuEPXcko7pTFGOJMd65jaBkSN7mz4RDdNdtnDObbs/KeQvoOWw==
  dependencies:
    "@babel/runtime" "^7.13.10"
    "@radix-ui/primitive" "0.1.0"
    "@radix-ui/react-compose-refs" "0.1.0"
    "@radix-ui/react-context" "0.1.1"
    "@radix-ui/react-label" "0.1.1"
    "@radix-ui/react-presence" "0.1.1"
    "@radix-ui/react-primitive" "0.1.1"
    "@radix-ui/react-use-controllable-state" "0.1.0"
    "@radix-ui/react-use-previous" "0.1.0"
    "@radix-ui/react-use-size" "0.1.0"

"@radix-ui/react-collapsible@0.1.1":
  version "0.1.1"
  resolved "https://registry.yarnpkg.com/@radix-ui/react-collapsible/-/react-collapsible-0.1.1.tgz#a3f257aa7ab27358ab2a16c6a5815a307a7ce474"
  integrity sha512-GIiCo8wYz53ZZEbp4LOkSysK8B+gZSi8/X/5NotBvyZpKntnf93i+NXPmtPPr+l0uPBr4EnEG1aZnItnrJpSEQ==
  dependencies:
    "@babel/runtime" "^7.13.10"
    "@radix-ui/primitive" "0.1.0"
    "@radix-ui/react-compose-refs" "0.1.0"
    "@radix-ui/react-context" "0.1.1"
    "@radix-ui/react-id" "0.1.1"
    "@radix-ui/react-presence" "0.1.1"
    "@radix-ui/react-primitive" "0.1.1"
    "@radix-ui/react-use-controllable-state" "0.1.0"
    "@radix-ui/react-use-layout-effect" "0.1.0"

"@radix-ui/react-collection@0.1.1":
  version "0.1.1"
  resolved "https://registry.yarnpkg.com/@radix-ui/react-collection/-/react-collection-0.1.1.tgz#c03b671f56b3e7af03f50929b513526c0b71c62b"
  integrity sha512-WabFzfkvG1uCMHVQd8V++W6qnDqvr+QrbCAXhzzWheKbiXSrwsvA2lTthMn1L6aPn1wyXlX56Xvbzz7Z3nOJAQ==
  dependencies:
    "@babel/runtime" "^7.13.10"
    "@radix-ui/react-compose-refs" "0.1.0"
    "@radix-ui/react-context" "0.1.1"
    "@radix-ui/react-primitive" "0.1.1"
    "@radix-ui/react-slot" "0.1.1"

"@radix-ui/react-compose-refs@0.1.0":
  version "0.1.0"
  resolved "https://registry.npmjs.org/@radix-ui/react-compose-refs/-/react-compose-refs-0.1.0.tgz"
  integrity sha512-eyclbh+b77k+69Dk72q3694OHrn9B3QsoIRx7ywX341U9RK1ThgQjMFZoPtmZNQTksXHLNEiefR8hGVeFyInGg==
  dependencies:
    "@babel/runtime" "^7.13.10"

"@radix-ui/react-context-menu@0.1.1":
  version "0.1.1"
  resolved "https://registry.yarnpkg.com/@radix-ui/react-context-menu/-/react-context-menu-0.1.1.tgz#1b87478ba741a812505c87df74a7a8aabdc3e5f9"
  integrity sha512-pp5rMoepSl0KpBgz7z6+GTHX7ahTOUqr5NOLCTrb4O2BYjksck+xf4M0GXLcKXxZODaUPXuLvY0vNnQn0Y9V0w==
  dependencies:
    "@babel/runtime" "^7.13.10"
    "@radix-ui/primitive" "0.1.0"
    "@radix-ui/react-context" "0.1.1"
    "@radix-ui/react-menu" "0.1.1"
    "@radix-ui/react-primitive" "0.1.1"
    "@radix-ui/react-use-callback-ref" "0.1.0"

"@radix-ui/react-context@0.1.1":
  version "0.1.1"
  resolved "https://registry.npmjs.org/@radix-ui/react-context/-/react-context-0.1.1.tgz"
  integrity sha512-PkyVX1JsLBioeu0jB9WvRpDBBLtLZohVDT3BB5CTSJqActma8S8030P57mWZb4baZifMvN7KKWPAA40UmWKkQg==
  dependencies:
    "@babel/runtime" "^7.13.10"

"@radix-ui/react-dialog@0.1.1":
  version "0.1.1"
  resolved "https://registry.yarnpkg.com/@radix-ui/react-dialog/-/react-dialog-0.1.1.tgz#515bcda3ab6a3a9b1cc20237eedc38b6c5921a7d"
  integrity sha512-+M/tY9n2/5yhpZrWankiVPJPFHkmgn4q+lXOeVRkMOFsyXQKhwhmPihYFUBk3BszsdKeV5BrZvdDpbWve3ZKKA==
  dependencies:
    "@babel/runtime" "^7.13.10"
    "@radix-ui/primitive" "0.1.0"
    "@radix-ui/react-compose-refs" "0.1.0"
    "@radix-ui/react-context" "0.1.1"
    "@radix-ui/react-dismissable-layer" "0.1.1"
    "@radix-ui/react-focus-guards" "0.1.0"
    "@radix-ui/react-focus-scope" "0.1.1"
    "@radix-ui/react-id" "0.1.1"
    "@radix-ui/react-portal" "0.1.1"
    "@radix-ui/react-presence" "0.1.1"
    "@radix-ui/react-primitive" "0.1.1"
    "@radix-ui/react-use-controllable-state" "0.1.0"
    aria-hidden "^1.1.1"
    react-remove-scroll "^2.4.0"

"@radix-ui/react-dismissable-layer@0.1.1":
  version "0.1.1"
  resolved "https://registry.yarnpkg.com/@radix-ui/react-dismissable-layer/-/react-dismissable-layer-0.1.1.tgz#1be9d1c6945b27a69dfd6742928904a526d1d345"
  integrity sha512-OrwRfYE3dqX6nbCnAcIaxsTg6QrLu/HT1GwzxpX0Mbx+AxFNBvE6czBTM5/a7D1CfK8jxORNZ/WsjoOTLudY+A==
  dependencies:
    "@babel/runtime" "^7.13.10"
    "@radix-ui/primitive" "0.1.0"
    "@radix-ui/react-context" "0.1.1"
    "@radix-ui/react-primitive" "0.1.1"
    "@radix-ui/react-use-body-pointer-events" "0.1.0"
    "@radix-ui/react-use-callback-ref" "0.1.0"
    "@radix-ui/react-use-escape-keydown" "0.1.0"

"@radix-ui/react-dropdown-menu@0.1.1":
  version "0.1.1"
  resolved "https://registry.yarnpkg.com/@radix-ui/react-dropdown-menu/-/react-dropdown-menu-0.1.1.tgz#a596ff9f37e1eeb11f337bec3d7bf5763e059dfb"
  integrity sha512-YxnGI/SpukCYFMzP8ZbOeaaba7tVv3YNmEOaUK8lymVm2mOb+bKpjYWgvm0DMHgkhvLAU1tcb18CDEjSaQnyfQ==
  dependencies:
    "@babel/runtime" "^7.13.10"
    "@radix-ui/primitive" "0.1.0"
    "@radix-ui/react-compose-refs" "0.1.0"
    "@radix-ui/react-context" "0.1.1"
    "@radix-ui/react-id" "0.1.1"
    "@radix-ui/react-menu" "0.1.1"
    "@radix-ui/react-primitive" "0.1.1"
    "@radix-ui/react-use-controllable-state" "0.1.0"

"@radix-ui/react-focus-guards@0.1.0":
  version "0.1.0"
  resolved "https://registry.yarnpkg.com/@radix-ui/react-focus-guards/-/react-focus-guards-0.1.0.tgz#ba3b6f902cba7826569f8edc21ff8223dece7def"
  integrity sha512-kRx/swAjEfBpQ3ns7J3H4uxpXuWCqN7MpALiSDOXiyo2vkWv0L9sxvbpZeTulINuE3CGMzicVMuNc/VWXjFKOg==
  dependencies:
    "@babel/runtime" "^7.13.10"

"@radix-ui/react-focus-scope@0.1.1":
  version "0.1.1"
  resolved "https://registry.yarnpkg.com/@radix-ui/react-focus-scope/-/react-focus-scope-0.1.1.tgz#2639a2abd268bc435348313cfd90026241deb58c"
  integrity sha512-0b9MwvHwhuIhD46lrf4G2j53/oYzPa2hN9Ylu+4Jg0Qa0kW04/vpKCX2Gh8M8fTlI0YaGVQsN40sYc5fe8RBSA==
  dependencies:
    "@babel/runtime" "^7.13.10"
    "@radix-ui/react-compose-refs" "0.1.0"
    "@radix-ui/react-primitive" "0.1.1"
    "@radix-ui/react-use-callback-ref" "0.1.0"

"@radix-ui/react-icons@1.0.3":
  version "1.0.3"
  resolved "https://registry.yarnpkg.com/@radix-ui/react-icons/-/react-icons-1.0.3.tgz#4ef61f1234f44991f7a19e108f77ca37032b4be2"
  integrity sha512-YbPAUZwTsvF/2H7IU35txaLUB+JNSV8GIhnswlqiFODP/P32t5op5keYUvQWsSj9TA0VLF367J24buUjIprn0w==

"@radix-ui/react-id@0.1.1":
  version "0.1.1"
  resolved "https://registry.yarnpkg.com/@radix-ui/react-id/-/react-id-0.1.1.tgz#42c8f3967875e6824b2ac9d49c66317047c8d6ff"
  integrity sha512-Vlg5me65+NUgxPBuA0Lk6FerNe+Mq4EuJ8xzpskGxS2t8p1puI3IkyLZ2wWtDSb1KXazoaHn8adBypagt+1P0g==
  dependencies:
    "@babel/runtime" "^7.13.10"
    "@radix-ui/react-context" "0.1.1"

"@radix-ui/react-label@0.1.1":
  version "0.1.1"
  resolved "https://registry.yarnpkg.com/@radix-ui/react-label/-/react-label-0.1.1.tgz#c2970b19214248c2b3a0425c3c0d299290b559a5"
  integrity sha512-52mHm7gxDcbY1+XuFwe0zBvUHp+JP424QC5V2nloPH9JUpCsM2MfviqA/nyW4nKuoGAeF6MhedjtlrXyze8DFw==
  dependencies:
    "@babel/runtime" "^7.13.10"
    "@radix-ui/react-compose-refs" "0.1.0"
    "@radix-ui/react-context" "0.1.1"
    "@radix-ui/react-id" "0.1.1"
    "@radix-ui/react-primitive" "0.1.1"

"@radix-ui/react-menu@0.1.1":
  version "0.1.1"
  resolved "https://registry.yarnpkg.com/@radix-ui/react-menu/-/react-menu-0.1.1.tgz#2146352813ac086df5f021d06bce10f7f56d2577"
  integrity sha512-j9ptTx6aNYbuc7ygNzl8ou5z010HLXgEKZQE5EAiTrdTOCrwullDDLvQR1M0+VGYQkfRvD5Y1MnJEp6ISQDEVg==
  dependencies:
    "@babel/runtime" "^7.13.10"
    "@radix-ui/primitive" "0.1.0"
    "@radix-ui/react-collection" "0.1.1"
    "@radix-ui/react-compose-refs" "0.1.0"
    "@radix-ui/react-context" "0.1.1"
    "@radix-ui/react-dismissable-layer" "0.1.1"
    "@radix-ui/react-focus-guards" "0.1.0"
    "@radix-ui/react-focus-scope" "0.1.1"
    "@radix-ui/react-id" "0.1.1"
    "@radix-ui/react-popper" "0.1.1"
    "@radix-ui/react-portal" "0.1.1"
    "@radix-ui/react-presence" "0.1.1"
    "@radix-ui/react-primitive" "0.1.1"
    "@radix-ui/react-roving-focus" "0.1.1"
    "@radix-ui/react-use-callback-ref" "0.1.0"
    "@radix-ui/react-use-direction" "0.1.0"
    aria-hidden "^1.1.1"
    react-remove-scroll "^2.4.0"

"@radix-ui/react-popover@0.1.1":
  version "0.1.1"
  resolved "https://registry.yarnpkg.com/@radix-ui/react-popover/-/react-popover-0.1.1.tgz#99951e10d70c3855b7a7db52f7f15af684e47848"
  integrity sha512-kPcuzpB72MQMbnLg24NR4NgOLRL7so5/ApukDKGQqGXs/ZBtAUBTdtNSnQIyItT4rvoRbtUOOIH0jC7072yFMg==
  dependencies:
    "@babel/runtime" "^7.13.10"
    "@radix-ui/primitive" "0.1.0"
    "@radix-ui/react-compose-refs" "0.1.0"
    "@radix-ui/react-context" "0.1.1"
    "@radix-ui/react-dismissable-layer" "0.1.1"
    "@radix-ui/react-focus-guards" "0.1.0"
    "@radix-ui/react-focus-scope" "0.1.1"
    "@radix-ui/react-id" "0.1.1"
    "@radix-ui/react-popper" "0.1.1"
    "@radix-ui/react-portal" "0.1.1"
    "@radix-ui/react-presence" "0.1.1"
    "@radix-ui/react-primitive" "0.1.1"
    "@radix-ui/react-use-controllable-state" "0.1.0"
    aria-hidden "^1.1.1"
    react-remove-scroll "^2.4.0"

"@radix-ui/react-popper@0.1.1":
  version "0.1.1"
  resolved "https://registry.yarnpkg.com/@radix-ui/react-popper/-/react-popper-0.1.1.tgz#239eac72cdd7861636f14ff736f21fcb27237afd"
  integrity sha512-LsjeV9MEdikDHi+uBvMpPyLHrDa7A8UlX2s7c9GPgqU9non7kjcijO4NERaoXvhEu6E7NTqApb5axhZxB23R4w==
  dependencies:
    "@babel/runtime" "^7.13.10"
    "@radix-ui/popper" "0.1.0"
    "@radix-ui/react-arrow" "0.1.1"
    "@radix-ui/react-compose-refs" "0.1.0"
    "@radix-ui/react-context" "0.1.1"
    "@radix-ui/react-primitive" "0.1.1"
    "@radix-ui/react-use-rect" "0.1.1"
    "@radix-ui/react-use-size" "0.1.0"
    "@radix-ui/rect" "0.1.1"

"@radix-ui/react-portal@0.1.1":
  version "0.1.1"
  resolved "https://registry.yarnpkg.com/@radix-ui/react-portal/-/react-portal-0.1.1.tgz#c373f1fe7ea3b83a817240689e6885b9c115cee8"
  integrity sha512-ZJFgUBsaFS4cryONfRZXuYxtv87ziRGqFu+wP91rVKF8TpkeQgvPP2QBLIfIGzotr3G1n8t7gHaNJkZtKVeXvw==
  dependencies:
    "@babel/runtime" "^7.13.10"
    "@radix-ui/react-primitive" "0.1.1"
    "@radix-ui/react-use-layout-effect" "0.1.0"

"@radix-ui/react-presence@0.1.1":
  version "0.1.1"
  resolved "https://registry.npmjs.org/@radix-ui/react-presence/-/react-presence-0.1.1.tgz"
  integrity sha512-LsL+NcWDpFUAYCmXeH02o4pgqcSLpwxP84UIjCtpIKrsPe2vLuhcp79KC/jZJeXz+of2lUpMAxpM+eCpxFZtlg==
  dependencies:
    "@babel/runtime" "^7.13.10"
    "@radix-ui/react-compose-refs" "0.1.0"
    "@radix-ui/react-use-layout-effect" "0.1.0"

"@radix-ui/react-primitive@0.1.1":
  version "0.1.1"
  resolved "https://registry.yarnpkg.com/@radix-ui/react-primitive/-/react-primitive-0.1.1.tgz#98e64d9c3094df737d0f49f0e9e48ff2f44498b0"
  integrity sha512-65GCHeDV/ikicXKR2rLSO6w+dyUQwSG2J1JD2qm4suK1259nTuRvPsPBrbhZpoXWQKj2drMZfhhclXVfzwW1Kw==
  dependencies:
    "@babel/runtime" "^7.13.10"
    "@radix-ui/react-slot" "0.1.1"

"@radix-ui/react-progress@0.1.1":
  version "0.1.1"
  resolved "https://registry.yarnpkg.com/@radix-ui/react-progress/-/react-progress-0.1.1.tgz#37e98cd1a933b75f456d2c3337daee744458b9bd"
  integrity sha512-4iKLDUQWztCXAMrtRzafuAnl49VMBCc/6SaXJj+RvH/stYAJKSqoX+YEXXoX8f5UqPQOnTBPoGTvW9/HlQ1b4Q==
  dependencies:
    "@babel/runtime" "^7.13.10"
    "@radix-ui/react-context" "0.1.1"
    "@radix-ui/react-primitive" "0.1.1"

"@radix-ui/react-radio-group@0.1.1":
  version "0.1.1"
  resolved "https://registry.yarnpkg.com/@radix-ui/react-radio-group/-/react-radio-group-0.1.1.tgz#e46861abd472f52ed57c8379e4e8301bbc503ed1"
  integrity sha512-K6vrFSI62qEnF6ltlyK0pzY9w/Y/HnmheUFcHSfWpyyBU6vmoU/Vdy1ZDAejDtDfdthSrk/L8wczF1OPmIjB2w==
  dependencies:
    "@babel/runtime" "^7.13.10"
    "@radix-ui/primitive" "0.1.0"
    "@radix-ui/react-compose-refs" "0.1.0"
    "@radix-ui/react-context" "0.1.1"
    "@radix-ui/react-label" "0.1.1"
    "@radix-ui/react-presence" "0.1.1"
    "@radix-ui/react-primitive" "0.1.1"
    "@radix-ui/react-roving-focus" "0.1.1"
    "@radix-ui/react-use-controllable-state" "0.1.0"
    "@radix-ui/react-use-previous" "0.1.0"
    "@radix-ui/react-use-size" "0.1.0"

"@radix-ui/react-roving-focus@0.1.1":
  version "0.1.1"
  resolved "https://registry.yarnpkg.com/@radix-ui/react-roving-focus/-/react-roving-focus-0.1.1.tgz#6a7965f6315fae91061b14d6380949a4697e87b9"
  integrity sha512-JK60DVpLjn0RsvJ4DnmuKTJGHuqfBID0/xaJ9tTM5DZ9WqHHhMBtaAi+68yZLSfTfQFajXjN7vaKD3UtmAmavA==
  dependencies:
    "@babel/runtime" "^7.13.10"
    "@radix-ui/primitive" "0.1.0"
    "@radix-ui/react-collection" "0.1.1"
    "@radix-ui/react-compose-refs" "0.1.0"
    "@radix-ui/react-context" "0.1.1"
    "@radix-ui/react-id" "0.1.1"
    "@radix-ui/react-primitive" "0.1.1"
    "@radix-ui/react-use-callback-ref" "0.1.0"
    "@radix-ui/react-use-controllable-state" "0.1.0"

"@radix-ui/react-separator@0.1.1":
  version "0.1.1"
  resolved "https://registry.yarnpkg.com/@radix-ui/react-separator/-/react-separator-0.1.1.tgz#d4253931d02e3d002f8e2e39c2af80e25a13256d"
  integrity sha512-SEDV5/vD66utZVToVdET6n1LY+HBrW3mju/5dcfwyQhRu7Y0Sw+mKs/EnXH0ADh29S0wuifWaW39GDAmRhcPbQ==
  dependencies:
    "@babel/runtime" "^7.13.10"
    "@radix-ui/react-primitive" "0.1.1"

"@radix-ui/react-slider@0.1.1":
  version "0.1.1"
  resolved "https://registry.yarnpkg.com/@radix-ui/react-slider/-/react-slider-0.1.1.tgz#cbf793b7a7e23907252bffc791693f84518e16ff"
  integrity sha512-4OK46wlX2BmVsYbVYw3gml6CitQSTohkOP6mJEXVVlGAAJXgRWt5GmC35cMNpQFdmmQ5vj1oqTEDEB/8dZAQEA==
  dependencies:
    "@babel/runtime" "^7.13.10"
    "@radix-ui/number" "0.1.0"
    "@radix-ui/primitive" "0.1.0"
    "@radix-ui/react-collection" "0.1.1"
    "@radix-ui/react-compose-refs" "0.1.0"
    "@radix-ui/react-context" "0.1.1"
    "@radix-ui/react-primitive" "0.1.1"
    "@radix-ui/react-use-controllable-state" "0.1.0"
    "@radix-ui/react-use-direction" "0.1.0"
    "@radix-ui/react-use-layout-effect" "0.1.0"
    "@radix-ui/react-use-previous" "0.1.0"
    "@radix-ui/react-use-size" "0.1.0"

"@radix-ui/react-slot@0.1.1":
  version "0.1.1"
  resolved "https://registry.yarnpkg.com/@radix-ui/react-slot/-/react-slot-0.1.1.tgz#9dbc2070ccc492847f7e43747b4847bc54786a76"
  integrity sha512-deq3K7cCXQ+tWMZF2GKl3zGMcwVbyQDiMY/UcPI0Q1DDudRG2dWrEwcYbYajEelc07oOxzNyKpaXZLOpNxquuA==
  dependencies:
    "@babel/runtime" "^7.13.10"
    "@radix-ui/react-compose-refs" "0.1.0"

"@radix-ui/react-switch@0.1.1":
  version "0.1.1"
  resolved "https://registry.yarnpkg.com/@radix-ui/react-switch/-/react-switch-0.1.1.tgz#a60090a26387fc018feecb0eb8ae108e2d693472"
  integrity sha512-QlLGNj7NnMUoYj+9msP4q9/X7ZtHLqVLlH5CSzEgoDxxU+wh5+65oTyBynWJLsF9QligE9pJqOwMdqo4qqnBhg==
  dependencies:
    "@babel/runtime" "^7.13.10"
    "@radix-ui/primitive" "0.1.0"
    "@radix-ui/react-compose-refs" "0.1.0"
    "@radix-ui/react-context" "0.1.1"
    "@radix-ui/react-label" "0.1.1"
    "@radix-ui/react-primitive" "0.1.1"
    "@radix-ui/react-use-controllable-state" "0.1.0"
    "@radix-ui/react-use-previous" "0.1.0"
    "@radix-ui/react-use-size" "0.1.0"

"@radix-ui/react-tabs@0.1.1":
  version "0.1.1"
  resolved "https://registry.yarnpkg.com/@radix-ui/react-tabs/-/react-tabs-0.1.1.tgz#2aea3496f0a05e5b5d969305db1203a526f44e97"
  integrity sha512-JCIquq7yBwteL1/iepc++hVyH5EnSicDXLrU4IrIkCy6W+RKi73htx6K7nRpinhaQL22MbTLDYXo9Rr9X/5bjg==
  dependencies:
    "@babel/runtime" "^7.13.10"
    "@radix-ui/primitive" "0.1.0"
    "@radix-ui/react-context" "0.1.1"
    "@radix-ui/react-id" "0.1.1"
    "@radix-ui/react-primitive" "0.1.1"
    "@radix-ui/react-roving-focus" "0.1.1"
    "@radix-ui/react-use-callback-ref" "0.1.0"
    "@radix-ui/react-use-controllable-state" "0.1.0"

"@radix-ui/react-toggle@0.1.1":
  version "0.1.1"
  resolved "https://registry.yarnpkg.com/@radix-ui/react-toggle/-/react-toggle-0.1.1.tgz#0ee89569e8e517593d47117a1d9c90ce05ed37ca"
  integrity sha512-d19eskU1Q1NIs/OwFbzdqPhRtuvdifcF1flKS28lyrhG0m5ToIeq1AqvBib1XGcxnpCxa7X4FpFGIBsiGBtwtg==
  dependencies:
    "@babel/runtime" "^7.13.10"
    "@radix-ui/primitive" "0.1.0"
    "@radix-ui/react-primitive" "0.1.1"
    "@radix-ui/react-use-controllable-state" "0.1.0"

"@radix-ui/react-tooltip@0.1.1":
  version "0.1.1"
  resolved "https://registry.yarnpkg.com/@radix-ui/react-tooltip/-/react-tooltip-0.1.1.tgz#cab234fb62740626794a8008c95cd02f3bcad904"
  integrity sha512-EVZoZ/268kJ/eo+iYN5iGdh5sYAkPMdqdTL51GhTdfG5pskgoeYJQFNP8peObcikKgoyKqkV+5iXGQGa9zzwYg==
  dependencies:
    "@babel/runtime" "^7.13.10"
    "@radix-ui/primitive" "0.1.0"
    "@radix-ui/react-compose-refs" "0.1.0"
    "@radix-ui/react-context" "0.1.1"
    "@radix-ui/react-id" "0.1.1"
    "@radix-ui/react-popper" "0.1.1"
    "@radix-ui/react-portal" "0.1.1"
    "@radix-ui/react-presence" "0.1.1"
    "@radix-ui/react-primitive" "0.1.1"
    "@radix-ui/react-slot" "0.1.1"
    "@radix-ui/react-use-controllable-state" "0.1.0"
    "@radix-ui/react-use-escape-keydown" "0.1.0"
    "@radix-ui/react-use-layout-effect" "0.1.0"
    "@radix-ui/react-use-previous" "0.1.0"
    "@radix-ui/react-use-rect" "0.1.1"
    "@radix-ui/react-visually-hidden" "0.1.1"

"@radix-ui/react-use-body-pointer-events@0.1.0":
  version "0.1.0"
  resolved "https://registry.yarnpkg.com/@radix-ui/react-use-body-pointer-events/-/react-use-body-pointer-events-0.1.0.tgz#29b211464493f8ca5149ce34b96b95abbc97d741"
  integrity sha512-svPyoHCcwOq/vpWNEvdH/yD91vN9p8BtiozNQbjVmJRxQ/vS12zqk70AxTGWe+2ZKHq2sggpEQNTv1JHyVFlnQ==
  dependencies:
    "@babel/runtime" "^7.13.10"
    "@radix-ui/react-use-layout-effect" "0.1.0"

"@radix-ui/react-use-callback-ref@0.1.0":
  version "0.1.0"
  resolved "https://registry.npmjs.org/@radix-ui/react-use-callback-ref/-/react-use-callback-ref-0.1.0.tgz"
  integrity sha512-Va041McOFFl+aV+sejvl0BS2aeHx86ND9X/rVFmEFQKTXCp6xgUK0NGUAGcgBlIjnJSbMYPGEk1xKSSlVcN2Aw==
  dependencies:
    "@babel/runtime" "^7.13.10"

"@radix-ui/react-use-controllable-state@0.1.0":
  version "0.1.0"
  resolved "https://registry.npmjs.org/@radix-ui/react-use-controllable-state/-/react-use-controllable-state-0.1.0.tgz"
  integrity sha512-zv7CX/PgsRl46a52Tl45TwqwVJdmqnlQEQhaYMz/yBOD2sx2gCkCFSoF/z9mpnYWmS6DTLNTg5lIps3fV6EnXg==
  dependencies:
    "@babel/runtime" "^7.13.10"
    "@radix-ui/react-use-callback-ref" "0.1.0"

"@radix-ui/react-use-direction@0.1.0":
  version "0.1.0"
  resolved "https://registry.yarnpkg.com/@radix-ui/react-use-direction/-/react-use-direction-0.1.0.tgz#97ac1d52e497c974389e7988f809238ed72e7df7"
  integrity sha512-NajpY/An9TCPSfOVkgWIdXJV+VuWl67PxB6kOKYmtNAFHvObzIoh8o0n9sAuwSAyFCZVq211FEf9gvVDRhOyiA==
  dependencies:
    "@babel/runtime" "^7.13.10"

"@radix-ui/react-use-escape-keydown@0.1.0":
  version "0.1.0"
  resolved "https://registry.yarnpkg.com/@radix-ui/react-use-escape-keydown/-/react-use-escape-keydown-0.1.0.tgz#dc80cb3753e9d1bd992adbad9a149fb6ea941874"
  integrity sha512-tDLZbTGFmvXaazUXXv8kYbiCcbAE8yKgng9s95d8fCO+Eundv0Jngbn/hKPhDDs4jj9ChwRX5cDDnlaN+ugYYQ==
  dependencies:
    "@babel/runtime" "^7.13.10"
    "@radix-ui/react-use-callback-ref" "0.1.0"

"@radix-ui/react-use-layout-effect@0.1.0":
  version "0.1.0"
  resolved "https://registry.npmjs.org/@radix-ui/react-use-layout-effect/-/react-use-layout-effect-0.1.0.tgz"
  integrity sha512-+wdeS51Y+E1q1Wmd+1xSSbesZkpVj4jsg0BojCbopWvgq5iBvixw5vgemscdh58ep98BwUbsFYnrywFhV9yrVg==
  dependencies:
    "@babel/runtime" "^7.13.10"

"@radix-ui/react-use-previous@0.1.0":
  version "0.1.0"
  resolved "https://registry.yarnpkg.com/@radix-ui/react-use-previous/-/react-use-previous-0.1.0.tgz#fed880d41187d0fdd1e19c4588402765f342777e"
  integrity sha512-0fxNc33rYnCzDMPSiSnfS8YklnxQo8WqbAQXPAgIaaA1jRu2qFB916PL4qCIW+avcAAqFD38vWhqDqcVmBharA==
  dependencies:
    "@babel/runtime" "^7.13.10"

"@radix-ui/react-use-rect@0.1.1":
  version "0.1.1"
  resolved "https://registry.yarnpkg.com/@radix-ui/react-use-rect/-/react-use-rect-0.1.1.tgz#6c15384beee59c086e75b89a7e66f3d2e583a856"
  integrity sha512-kHNNXAsP3/PeszEmM/nxBBS9Jbo93sO+xuMTcRfwzXsmxT5gDXQzAiKbZQ0EecCPtJIzqvr7dlaQi/aP1PKYqQ==
  dependencies:
    "@babel/runtime" "^7.13.10"
    "@radix-ui/rect" "0.1.1"

"@radix-ui/react-use-size@0.1.0":
  version "0.1.0"
  resolved "https://registry.yarnpkg.com/@radix-ui/react-use-size/-/react-use-size-0.1.0.tgz#dc49295d646f5d3f570943dbb88bd94fc7db7daf"
  integrity sha512-TcZAsR+BYI46w/RbaSFCRACl+Jh6mDqhu6GS2r0iuJpIVrj8atff7qtTjmMmfGtEDNEjhl7DxN3pr1nTS/oruQ==
  dependencies:
    "@babel/runtime" "^7.13.10"

"@radix-ui/react-visually-hidden@0.1.1":
  version "0.1.1"
  resolved "https://registry.yarnpkg.com/@radix-ui/react-visually-hidden/-/react-visually-hidden-0.1.1.tgz#19be23414d4d731159a2c86d69a2c7319750a80f"
  integrity sha512-9tH9yD5fwPOtQO4X5Xq3rv27g30bMY4S9T7Jx2SAhqdIhRfojuMnu3hUNOtGdrVwahm+/AFHwMEs2w+Dq+fdZw==
  dependencies:
    "@babel/runtime" "^7.13.10"
    "@radix-ui/react-primitive" "0.1.1"

"@radix-ui/rect@0.1.1":
  version "0.1.1"
  resolved "https://registry.yarnpkg.com/@radix-ui/rect/-/rect-0.1.1.tgz#95b5ba51f469bea6b1b841e2d427e17e37d38419"
  integrity sha512-g3hnE/UcOg7REdewduRPAK88EPuLZtaq7sA9ouu8S+YEtnyFRI16jgv6GZYe3VMoQLL1T171ebmEPtDjyxWLzw==
  dependencies:
    "@babel/runtime" "^7.13.10"

"@stitches/react@^1.2.6":
  version "1.2.6"
  resolved "https://registry.npmjs.org/@stitches/react/-/react-1.2.6.tgz"
  integrity sha512-gRVITYj8W4jJmoiVxWDv72yCvd12VvtUUAnTzs07EqmtvGCVgKZu3Dx0x5KVCcb0b6tfgvvNH2L84YrzdM4Mag==

"@types/node@^17.0.13":
  version "17.0.13"
  resolved "https://registry.npmjs.org/@types/node/-/node-17.0.13.tgz"
  integrity sha512-Y86MAxASe25hNzlDbsviXl8jQHb0RDvKt4c40ZJQ1Don0AAL0STLZSs4N+6gLEO55pedy7r2cLwS+ZDxPm/2Bw==

"@types/prop-types@*":
  version "15.7.4"
  resolved "https://registry.npmjs.org/@types/prop-types/-/prop-types-15.7.4.tgz"
  integrity sha512-rZ5drC/jWjrArrS8BR6SIr4cWpW09RNTYt9AMZo3Jwwif+iacXAqgVjm0B0Bv/S1jhDXKHqRVNCbACkJ89RAnQ==

"@types/react@^17.0.38":
  version "17.0.38"
  resolved "https://registry.npmjs.org/@types/react/-/react-17.0.38.tgz"
  integrity sha512-SI92X1IA+FMnP3qM5m4QReluXzhcmovhZnLNm3pyeQlooi02qI7sLiepEYqT678uNiyc25XfCqxREFpy3W7YhQ==
  dependencies:
    "@types/prop-types" "*"
    "@types/scheduler" "*"
    csstype "^3.0.2"

"@types/scheduler@*":
  version "0.16.2"
  resolved "https://registry.npmjs.org/@types/scheduler/-/scheduler-0.16.2.tgz"
  integrity sha512-hppQEBDmlwhFAXKJX2KnWLYu5yMfi91yazPb2l+lbJiwW+wdo1gNeRA+3RgNSO39WYX2euey41KEwnqesU2Jew==

aria-hidden@^1.1.1:
  version "1.1.3"
  resolved "https://registry.yarnpkg.com/aria-hidden/-/aria-hidden-1.1.3.tgz#bb48de18dc84787a3c6eee113709c473c64ec254"
  integrity sha512-RhVWFtKH5BiGMycI72q2RAFMLQi8JP9bLuQXgR5a8Znp7P5KOIADSJeyfI8PCVxLEp067B2HbP5JIiI/PXIZeA==
  dependencies:
    tslib "^1.0.0"

caniuse-lite@^1.0.30001283:
  version "1.0.30001304"
  resolved "https://registry.npmjs.org/caniuse-lite/-/caniuse-lite-1.0.30001304.tgz"
  integrity sha512-bdsfZd6K6ap87AGqSHJP/s1V+U6Z5lyrcbBu3ovbCCf8cSYpwTtGrCBObMpJqwxfTbLW6YTIdbb1jEeTelcpYQ==

classnames@^2.3.1:
  version "2.3.1"
  resolved "https://registry.npmjs.org/classnames/-/classnames-2.3.1.tgz"
  integrity sha512-OlQdbZ7gLfGarSqxesMesDa5uz7KFbID8Kpq/SxIoNGDqY8lSYs0D+hhtBXhcdB3rcbXArFr7vlHheLk1voeNA==

csstype@^3.0.2, csstype@^3.0.4:
  version "3.0.10"
  resolved "https://registry.npmjs.org/csstype/-/csstype-3.0.10.tgz"
  integrity sha512-2u44ZG2OcNUO9HDp/Jl8C07x6pU/eTR3ncV91SiK3dhG9TWvRVsCoJw14Ckx5DgWkzGA3waZWO3d7pgqpUI/XA==

debounce@^1.2.1:
  version "1.2.1"
  resolved "https://registry.npmjs.org/debounce/-/debounce-1.2.1.tgz"
  integrity sha512-XRRe6Glud4rd/ZGQfiV1ruXSfbvfJedlV9Y6zOlP+2K04vBYiJEte6stfFkCP03aMnY5tsipamumUjL14fofug==

detect-node-es@^1.1.0:
  version "1.1.0"
  resolved "https://registry.yarnpkg.com/detect-node-es/-/detect-node-es-1.1.0.tgz#163acdf643330caa0b4cd7c21e7ee7755d6fa493"
  integrity sha512-ypdmJU/TbBby2Dxibuv7ZLW3Bs1QEmM7nHjEANfohJLvE0XVujisn1qPJcZxg+qDucsr+bP6fLD1rPS3AhJ7EQ==

framer-motion@^5.5.5:
  version "5.6.0"
  resolved "https://registry.npmjs.org/framer-motion/-/framer-motion-5.6.0.tgz"
  integrity sha512-Y4FtwUU+LUWLKSzoT6Sq538qluvhpe6izdQK8/xZeVjQZ/ORKGfZzyhzcUxNfscqnfEa3dUOA47s+dwrSipdGA==
  dependencies:
    framesync "6.0.1"
    hey-listen "^1.0.8"
    popmotion "11.0.3"
    react-merge-refs "^1.1.0"
    react-use-measure "^2.1.1"
    style-value-types "5.0.0"
    tslib "^2.1.0"
  optionalDependencies:
    "@emotion/is-prop-valid" "^0.8.2"

framesync@6.0.1:
  version "6.0.1"
  resolved "https://registry.npmjs.org/framesync/-/framesync-6.0.1.tgz"
  integrity sha512-fUY88kXvGiIItgNC7wcTOl0SNRCVXMKSWW2Yzfmn7EKNc+MpCzcz9DhdHcdjbrtN3c6R4H5dTY2jiCpPdysEjA==
  dependencies:
    tslib "^2.1.0"

get-nonce@^1.0.0:
  version "1.0.1"
  resolved "https://registry.yarnpkg.com/get-nonce/-/get-nonce-1.0.1.tgz#fdf3f0278073820d2ce9426c18f07481b1e0cdf3"
  integrity sha512-FJhYRoDaiatfEkUK8HKlicmu/3SGFD51q3itKDGoSTysQJBnfOcxU5GxnhE1E6soB76MbT0MBtnKJuXyAx+96Q==

hey-listen@^1.0.8:
  version "1.0.8"
  resolved "https://registry.npmjs.org/hey-listen/-/hey-listen-1.0.8.tgz"
  integrity sha512-COpmrF2NOg4TBWUJ5UVyaCU2A88wEMkUPK4hNqyCkqHbxT92BbvfjoSozkAIIm6XhicGlJHhFdullInrdhwU8Q==

hoist-non-react-statics@^3.3.1:
  version "3.3.2"
  resolved "https://registry.npmjs.org/hoist-non-react-statics/-/hoist-non-react-statics-3.3.2.tgz"
  integrity sha512-/gGivxi8JPKWNm/W0jSmzcMPpfpPLc3dY/6GxhX2hQ9iGj3aDfklV4ET7NjKpSinLpJ5vafa9iiGIEZg10SfBw==
  dependencies:
    react-is "^16.7.0"

invariant@^2.2.4:
  version "2.2.4"
  resolved "https://registry.yarnpkg.com/invariant/-/invariant-2.2.4.tgz#610f3c92c9359ce1db616e538008d23ff35158e6"
  integrity sha512-phJfQVBuaJM5raOpJjSfkiD6BpbCE4Ns//LaXl6wGYtUBY83nWS6Rf9tXm2e8VaK60JEjYldbPif/A2B1C2gNA==
  dependencies:
    loose-envify "^1.0.0"

"js-tokens@^3.0.0 || ^4.0.0":
  version "4.0.0"
  resolved "https://registry.npmjs.org/js-tokens/-/js-tokens-4.0.0.tgz"
  integrity sha512-RdJUflcE3cUzKiMqQgsCu06FPu9UdIJO0beYbPhHN4k6apgJtifcoCtT9bcxOpYBtpD2kCM6Sbzg4CausW/PKQ==

lodash.merge@^4.6.2:
  version "4.6.2"
  resolved "https://registry.yarnpkg.com/lodash.merge/-/lodash.merge-4.6.2.tgz#558aa53b43b661e1925a0afdfa36a9a1085fe57a"
  integrity sha512-0KpjqXRVvrYyCsX1swR/XTK0va6VQkQM6MNo7PqW77ByjAhoARA8EfrP1N4+KlKj8YS0ZUCtRT/YUuhyYDujIQ==

loose-envify@^1.0.0, loose-envify@^1.1.0, loose-envify@^1.4.0:
  version "1.4.0"
  resolved "https://registry.npmjs.org/loose-envify/-/loose-envify-1.4.0.tgz"
  integrity sha512-lyuxPGr/Wfhrlem2CL/UcnUc1zcqKAImBDzukY7Y5F/yQiNdko6+fRLevlw1HgMySw7f611UIY408EtxRSoK3Q==
  dependencies:
    js-tokens "^3.0.0 || ^4.0.0"

nanoid@^3.1.30:
  version "3.2.0"
  resolved "https://registry.npmjs.org/nanoid/-/nanoid-3.2.0.tgz"
  integrity sha512-fmsZYa9lpn69Ad5eDn7FMcnnSR+8R34W9qJEijxYhTbfOWzr22n1QxCMzXLK+ODyW2973V3Fux959iQoUxzUIA==

next@latest:
  version "12.0.10"
  resolved "https://registry.npmjs.org/next/-/next-12.0.10.tgz"
  integrity sha512-1y3PpGzpb/EZzz1jgne+JfZXKAVJUjYXwxzrADf/LWN+8yi9o79vMLXpW3mevvCHkEF2sBnIdjzNn16TJrINUw==
  dependencies:
    "@next/env" "12.0.10"
    caniuse-lite "^1.0.30001283"
    postcss "8.4.5"
    styled-jsx "5.0.0"
    use-subscription "1.5.1"
  optionalDependencies:
    "@next/swc-android-arm64" "12.0.10"
    "@next/swc-darwin-arm64" "12.0.10"
    "@next/swc-darwin-x64" "12.0.10"
    "@next/swc-linux-arm-gnueabihf" "12.0.10"
    "@next/swc-linux-arm64-gnu" "12.0.10"
    "@next/swc-linux-arm64-musl" "12.0.10"
    "@next/swc-linux-x64-gnu" "12.0.10"
    "@next/swc-linux-x64-musl" "12.0.10"
    "@next/swc-win32-arm64-msvc" "12.0.10"
    "@next/swc-win32-ia32-msvc" "12.0.10"
    "@next/swc-win32-x64-msvc" "12.0.10"

object-assign@^4.1.1:
  version "4.1.1"
  resolved "https://registry.npmjs.org/object-assign/-/object-assign-4.1.1.tgz"
  integrity sha1-IQmtx5ZYh8/AXLvUQsrIv7s2CGM=

picocolors@^1.0.0:
  version "1.0.0"
  resolved "https://registry.npmjs.org/picocolors/-/picocolors-1.0.0.tgz"
  integrity sha512-1fygroTLlHu66zi26VoTDv8yRgm0Fccecssto+MhsZ0D/DGW2sm8E8AjW7NU5VVTRt5GxbeZ5qBuJr+HyLYkjQ==

popmotion@11.0.3:
  version "11.0.3"
  resolved "https://registry.npmjs.org/popmotion/-/popmotion-11.0.3.tgz"
  integrity sha512-Y55FLdj3UxkR7Vl3s7Qr4e9m0onSnP8W7d/xQLsoJM40vs6UKHFdygs6SWryasTZYqugMjm3BepCF4CWXDiHgA==
  dependencies:
    framesync "6.0.1"
    hey-listen "^1.0.8"
    style-value-types "5.0.0"
    tslib "^2.1.0"

postcss@8.4.5:
  version "8.4.5"
  resolved "https://registry.npmjs.org/postcss/-/postcss-8.4.5.tgz"
  integrity sha512-jBDboWM8qpaqwkMwItqTQTiFikhs/67OYVvblFFTM7MrZjt6yMKd6r2kgXizEbTTljacm4NldIlZnhbjr84QYg==
  dependencies:
    nanoid "^3.1.30"
    picocolors "^1.0.0"
    source-map-js "^1.0.1"

prop-types@^15.5.10:
  version "15.8.1"
  resolved "https://registry.npmjs.org/prop-types/-/prop-types-15.8.1.tgz"
  integrity sha512-oj87CgZICdulUohogVAR7AjlC0327U4el4L6eAvOqCeudMDVU0NThNaV+b9Df4dXgSP1gXMTnPdhfe/2qDH5cg==
  dependencies:
    loose-envify "^1.4.0"
    object-assign "^4.1.1"
    react-is "^16.13.1"

react-dom@17.0.2:
  version "17.0.2"
  resolved "https://registry.npmjs.org/react-dom/-/react-dom-17.0.2.tgz"
  integrity sha512-s4h96KtLDUQlsENhMn1ar8t2bEa+q/YAtj8pPPdIjPDGBDIVNsrD9aXNWqspUe6AzKCIG0C1HZZLqLV7qpOBGA==
  dependencies:
    loose-envify "^1.1.0"
    object-assign "^4.1.1"
    scheduler "^0.20.2"

react-icons@^4.3.1:
  version "4.3.1"
  resolved "https://registry.yarnpkg.com/react-icons/-/react-icons-4.3.1.tgz#2fa92aebbbc71f43d2db2ed1aed07361124e91ca"
  integrity sha512-cB10MXLTs3gVuXimblAdI71jrJx8njrJZmNMEMC+sQu5B/BIOmlsAjskdqpn81y8UBVEGuHODd7/ci5DvoSzTQ==

react-is@^16.13.1, react-is@^16.7.0:
  version "16.13.1"
  resolved "https://registry.npmjs.org/react-is/-/react-is-16.13.1.tgz"
  integrity sha512-24e6ynE2H+OKt4kqsOvNd8kBpV65zoxbA4BVsEOB3ARVWQki/DHzaUoC5KuON/BiccDaCCTZBuOcfZs70kR8bQ==

react-merge-refs@^1.1.0:
  version "1.1.0"
  resolved "https://registry.npmjs.org/react-merge-refs/-/react-merge-refs-1.1.0.tgz"
  integrity sha512-alTKsjEL0dKH/ru1Iyn7vliS2QRcBp9zZPGoWxUOvRGWPUYgjo+V01is7p04It6KhgrzhJGnIj9GgX8W4bZoCQ==

react-remove-scroll-bar@^2.1.0:
  version "2.2.0"
  resolved "https://registry.yarnpkg.com/react-remove-scroll-bar/-/react-remove-scroll-bar-2.2.0.tgz#d4d545a7df024f75d67e151499a6ab5ac97c8cdd"
  integrity sha512-UU9ZBP1wdMR8qoUs7owiVcpaPwsQxUDC2lypP6mmixaGlARZa7ZIBx1jcuObLdhMOvCsnZcvetOho0wzPa9PYg==
  dependencies:
    react-style-singleton "^2.1.0"
    tslib "^1.0.0"

react-remove-scroll@^2.4.0:
  version "2.4.3"
  resolved "https://registry.yarnpkg.com/react-remove-scroll/-/react-remove-scroll-2.4.3.tgz#83d19b02503b04bd8141ed6e0b9e6691a2e935a6"
  integrity sha512-lGWYXfV6jykJwbFpsuPdexKKzp96f3RbvGapDSIdcyGvHb7/eqyn46C7/6h+rUzYar1j5mdU+XECITHXCKBk9Q==
  dependencies:
    react-remove-scroll-bar "^2.1.0"
    react-style-singleton "^2.1.0"
    tslib "^1.0.0"
    use-callback-ref "^1.2.3"
    use-sidecar "^1.0.1"

react-scroll-parallax@^2.4.2:
  version "2.4.3"
  resolved "https://registry.npmjs.org/react-scroll-parallax/-/react-scroll-parallax-2.4.3.tgz"
  integrity sha512-Q9GfpA4j0djy993Hg14t/Rzr8mxtn0xtlctCqxVGJ0dQkfuQqKW950NozQJvYaW8yVITEsuUohNSVlchmCq5wg==
  dependencies:
    prop-types "^15.5.10"

react-style-singleton@^2.1.0:
  version "2.1.1"
  resolved "https://registry.yarnpkg.com/react-style-singleton/-/react-style-singleton-2.1.1.tgz#ce7f90b67618be2b6b94902a30aaea152ce52e66"
  integrity sha512-jNRp07Jza6CBqdRKNgGhT3u9umWvils1xsuMOjZlghBDH2MU0PL2WZor4PGYjXpnRCa9DQSlHMs/xnABWOwYbA==
  dependencies:
    get-nonce "^1.0.0"
    invariant "^2.2.4"
    tslib "^1.0.0"

react-use-measure@^2.1.1:
  version "2.1.1"
  resolved "https://registry.npmjs.org/react-use-measure/-/react-use-measure-2.1.1.tgz"
  integrity sha512-nocZhN26cproIiIduswYpV5y5lQpSQS1y/4KuvUCjSKmw7ZWIS/+g3aFnX3WdBkyuGUtTLif3UTqnLLhbDoQig==
  dependencies:
    debounce "^1.2.1"

react@17.0.2:
  version "17.0.2"
  resolved "https://registry.npmjs.org/react/-/react-17.0.2.tgz"
  integrity sha512-gnhPt75i/dq/z3/6q/0asP78D0u592D5L1pd7M8P+dck6Fu/jJeL6iVVK23fptSUZj8Vjf++7wXA8UNclGQcbA==
  dependencies:
    loose-envify "^1.1.0"
    object-assign "^4.1.1"

regenerator-runtime@^0.13.4:
  version "0.13.9"
  resolved "https://registry.npmjs.org/regenerator-runtime/-/regenerator-runtime-0.13.9.tgz"
  integrity sha512-p3VT+cOEgxFsRRA9X4lkI1E+k2/CtnKtU4gcxyaCUreilL/vqI6CdZ3wxVUx3UOUg+gnUOQQcRI7BmSI656MYA==

scheduler@^0.20.2:
  version "0.20.2"
  resolved "https://registry.npmjs.org/scheduler/-/scheduler-0.20.2.tgz"
  integrity sha512-2eWfGgAqqWFGqtdMmcL5zCMK1U8KlXv8SQFGglL3CEtd0aDVDWgeF/YoCmvln55m5zSk3J/20hTaSBeSObsQDQ==
  dependencies:
    loose-envify "^1.1.0"
    object-assign "^4.1.1"

source-map-js@^1.0.1:
  version "1.0.2"
  resolved "https://registry.npmjs.org/source-map-js/-/source-map-js-1.0.2.tgz"
  integrity sha512-R0XvVJ9WusLiqTCEiGCmICCMplcCkIwwR11mOSD9CR5u+IXYdiseeEuXCVAjS54zqwkLcPNnmU4OeJ6tUrWhDw==

stitches@^1.2.11:
  version "1.2.11"
  resolved "https://registry.yarnpkg.com/stitches/-/stitches-1.2.11.tgz#ca22353ea3f2eea03fa8f025c4f1fa95e01d59cb"
  integrity sha1-yiI1PqPy7qA/qPAlxPH6leAdWcs=

style-value-types@5.0.0:
  version "5.0.0"
  resolved "https://registry.npmjs.org/style-value-types/-/style-value-types-5.0.0.tgz"
  integrity sha512-08yq36Ikn4kx4YU6RD7jWEv27v4V+PUsOGa4n/as8Et3CuODMJQ00ENeAVXAeydX4Z2j1XHZF1K2sX4mGl18fA==
  dependencies:
    hey-listen "^1.0.8"
    tslib "^2.1.0"

styled-jsx@5.0.0:
  version "5.0.0"
  resolved "https://registry.npmjs.org/styled-jsx/-/styled-jsx-5.0.0.tgz"
  integrity sha512-qUqsWoBquEdERe10EW8vLp3jT25s/ssG1/qX5gZ4wu15OZpmSMFI2v+fWlRhLfykA5rFtlJ1ME8A8pm/peV4WA==

stylis@4.0.13:
  version "4.0.13"
  resolved "https://registry.npmjs.org/stylis/-/stylis-4.0.13.tgz"
  integrity sha512-xGPXiFVl4YED9Jh7Euv2V220mriG9u4B2TA6Ybjc1catrstKD2PpIdU3U0RKpkVBC2EhmL/F0sPCr9vrFTNRag==

tslib@^1.0.0, tslib@^1.9.3:
  version "1.14.1"
  resolved "https://registry.yarnpkg.com/tslib/-/tslib-1.14.1.tgz#cf2d38bdc34a134bcaf1091c41f6619e2f672d00"
  integrity sha512-Xni35NKzjgMrwevysHTCArtLDpPvye8zV/0E4EyYn43P7/7qvQwPh9BGkHewbMulVntbigmcT7rdX3BNo9wRJg==

tslib@^2.1.0:
  version "2.3.1"
  resolved "https://registry.npmjs.org/tslib/-/tslib-2.3.1.tgz"
  integrity sha512-77EbyPPpMz+FRFRuAFlWMtmgUWGe9UOG2Z25NqCwiIjRhOf5iKGuzSe5P2w1laq+FkRy4p+PCuVkJSGkzTEKVw==

typescript@^4.5.4:
  version "4.5.5"
  resolved "https://registry.npmjs.org/typescript/-/typescript-4.5.5.tgz"
  integrity sha512-TCTIul70LyWe6IJWT8QSYeA54WQe8EjQFU4wY52Fasj5UKx88LNYKCgBEHcOMOrFF1rKGbD8v/xcNWVUq9SymA==

use-callback-ref@^1.2.3:
  version "1.2.5"
  resolved "https://registry.yarnpkg.com/use-callback-ref/-/use-callback-ref-1.2.5.tgz#6115ed242cfbaed5915499c0a9842ca2912f38a5"
  integrity sha512-gN3vgMISAgacF7sqsLPByqoePooY3n2emTH59Ur5d/M8eg4WTWu1xp8i8DHjohftIyEx0S08RiYxbffr4j8Peg==

use-sidecar@^1.0.1:
  version "1.0.5"
  resolved "https://registry.yarnpkg.com/use-sidecar/-/use-sidecar-1.0.5.tgz#ffff2a17c1df42e348624b699ba6e5c220527f2b"
  integrity sha512-k9jnrjYNwN6xYLj1iaGhonDghfvmeTmYjAiGvOr7clwKfPjMXJf4/HOr7oT5tJwYafgp2tG2l3eZEOfoELiMcA==
  dependencies:
    detect-node-es "^1.1.0"
    tslib "^1.9.3"

use-subscription@1.5.1:
  version "1.5.1"
  resolved "https://registry.npmjs.org/use-subscription/-/use-subscription-1.5.1.tgz"
  integrity sha512-Xv2a1P/yReAjAbhylMfFplFKj9GssgTwN7RlcTxBujFQcloStWNDQdc4g4NRWH9xS4i/FDk04vQBptAXoF3VcA==
  dependencies:
    object-assign "^4.1.1"

yarn@^1.22.17:
  version "1.22.17"
  resolved "https://registry.npmjs.org/yarn/-/yarn-1.22.17.tgz"
  integrity sha512-H0p241BXaH0UN9IeH//RT82tl5PfNraVpSpEoW+ET7lmopNC61eZ+A+IDvU8FM6Go5vx162SncDL8J1ZjRBriQ==
